// !$*UTF8*$!
{
	archiveVersion = 1;
	classes = {
	};
	objectVersion = 46;
	objects = {

/* Begin PBXBuildFile section */
		1FB2C649214AD9E60002E96A /* Assets.xcassets in Resources */ = {isa = PBXBuildFile; fileRef = 1FB2C648214AD9E60002E96A /* Assets.xcassets */; };
		51C3D31A150FD3EBF71191B2 /* Pods_LocalNotificationSample.framework in Frameworks */ = {isa = PBXBuildFile; fileRef = D64868A6CA6260731C2B7477 /* Pods_LocalNotificationSample.framework */; };
		547BA53A21FFCE630087BDE1 /* Main.storyboard in Resources */ = {isa = PBXBuildFile; fileRef = 547BA53921FFCE630087BDE1 /* Main.storyboard */; };
		96E5355F23747576008983C7 /* LaunchScreen.storyboard in Resources */ = {isa = PBXBuildFile; fileRef = 96E5355E23747576008983C7 /* LaunchScreen.storyboard */; };
		990EABCD18610D5D005BB53E /* Localizable.strings in Resources */ = {isa = PBXBuildFile; fileRef = 990EABCB18610D5D005BB53E /* Localizable.strings */; };
		99F1ECA0188606A7001B1A8B /* exp_configuration.json in Resources */ = {isa = PBXBuildFile; fileRef = 99F1EC9F188606A7001B1A8B /* exp_configuration.json */; };
		D5D68AF81582A63D00730160 /* InfoPlist.strings in Resources */ = {isa = PBXBuildFile; fileRef = D5D68AF61582A63D00730160 /* InfoPlist.strings */; };
		D5D68AFA1582A63D00730160 /* main.m in Sources */ = {isa = PBXBuildFile; fileRef = D5D68AF91582A63D00730160 /* main.m */; };
		D5D68AFE1582A63D00730160 /* AppDelegate.m in Sources */ = {isa = PBXBuildFile; fileRef = D5D68AFD1582A63D00730160 /* AppDelegate.m */; };
		D5D68B011582A63E00730160 /* ViewController.m in Sources */ = {isa = PBXBuildFile; fileRef = D5D68B001582A63E00730160 /* ViewController.m */; };
/* End PBXBuildFile section */

/* Begin PBXFileReference section */
		1FB2C648214AD9E60002E96A /* Assets.xcassets */ = {isa = PBXFileReference; lastKnownFileType = folder.assetcatalog; path = Assets.xcassets; sourceTree = "<group>"; };
		32B82C9388C4774316B5FA69 /* Pods-LocalNotificationSample.release.xcconfig */ = {isa = PBXFileReference; includeInIndex = 1; lastKnownFileType = text.xcconfig; name = "Pods-LocalNotificationSample.release.xcconfig"; path = "../Pods/Target Support Files/Pods-LocalNotificationSample/Pods-LocalNotificationSample.release.xcconfig"; sourceTree = "<group>"; };
		547BA53921FFCE630087BDE1 /* Main.storyboard */ = {isa = PBXFileReference; lastKnownFileType = file.storyboard; path = Main.storyboard; sourceTree = "<group>"; };
		96E5355E23747576008983C7 /* LaunchScreen.storyboard */ = {isa = PBXFileReference; fileEncoding = 4; lastKnownFileType = file.storyboard; path = LaunchScreen.storyboard; sourceTree = "<group>"; };
		990EABCC18610D5D005BB53E /* en */ = {isa = PBXFileReference; lastKnownFileType = text.plist.strings; name = en; path = en.lproj/Localizable.strings; sourceTree = "<group>"; };
		99F1EC7A18860568001B1A8B /* CoreMedia.framework */ = {isa = PBXFileReference; lastKnownFileType = wrapper.framework; name = CoreMedia.framework; path = System/Library/Frameworks/CoreMedia.framework; sourceTree = SDKROOT; };
		99F1EC7B18860568001B1A8B /* CoreMotion.framework */ = {isa = PBXFileReference; lastKnownFileType = wrapper.framework; name = CoreMotion.framework; path = System/Library/Frameworks/CoreMotion.framework; sourceTree = SDKROOT; };
		99F1EC7C18860568001B1A8B /* CoreVideo.framework */ = {isa = PBXFileReference; lastKnownFileType = wrapper.framework; name = CoreVideo.framework; path = System/Library/Frameworks/CoreVideo.framework; sourceTree = SDKROOT; };
		99F1EC8018860570001B1A8B /* AVFoundation.framework */ = {isa = PBXFileReference; lastKnownFileType = wrapper.framework; name = AVFoundation.framework; path = System/Library/Frameworks/AVFoundation.framework; sourceTree = SDKROOT; };
		99F1EC9F188606A7001B1A8B /* exp_configuration.json */ = {isa = PBXFileReference; fileEncoding = 4; lastKnownFileType = text.json; path = exp_configuration.json; sourceTree = "<group>"; };
		D5D68AE91582A63D00730160 /* LocalNotificationSample.app */ = {isa = PBXFileReference; explicitFileType = wrapper.application; includeInIndex = 0; path = LocalNotificationSample.app; sourceTree = BUILT_PRODUCTS_DIR; };
		D5D68AED1582A63D00730160 /* UIKit.framework */ = {isa = PBXFileReference; lastKnownFileType = wrapper.framework; name = UIKit.framework; path = System/Library/Frameworks/UIKit.framework; sourceTree = SDKROOT; };
		D5D68AEF1582A63D00730160 /* Foundation.framework */ = {isa = PBXFileReference; lastKnownFileType = wrapper.framework; name = Foundation.framework; path = System/Library/Frameworks/Foundation.framework; sourceTree = SDKROOT; };
		D5D68AF11582A63D00730160 /* CoreGraphics.framework */ = {isa = PBXFileReference; lastKnownFileType = wrapper.framework; name = CoreGraphics.framework; path = System/Library/Frameworks/CoreGraphics.framework; sourceTree = SDKROOT; };
		D5D68AF51582A63D00730160 /* LocalNotificationSample-Info.plist */ = {isa = PBXFileReference; lastKnownFileType = text.plist.xml; path = "LocalNotificationSample-Info.plist"; sourceTree = "<group>"; };
		D5D68AF71582A63D00730160 /* en */ = {isa = PBXFileReference; lastKnownFileType = text.plist.strings; name = en; path = en.lproj/InfoPlist.strings; sourceTree = "<group>"; };
		D5D68AF91582A63D00730160 /* main.m */ = {isa = PBXFileReference; lastKnownFileType = sourcecode.c.objc; path = main.m; sourceTree = "<group>"; };
		D5D68AFB1582A63D00730160 /* LocalNotificationSample-Prefix.pch */ = {isa = PBXFileReference; lastKnownFileType = sourcecode.c.h; path = "LocalNotificationSample-Prefix.pch"; sourceTree = "<group>"; };
		D5D68AFC1582A63D00730160 /* AppDelegate.h */ = {isa = PBXFileReference; lastKnownFileType = sourcecode.c.h; path = AppDelegate.h; sourceTree = "<group>"; };
		D5D68AFD1582A63D00730160 /* AppDelegate.m */ = {isa = PBXFileReference; lastKnownFileType = sourcecode.c.objc; path = AppDelegate.m; sourceTree = "<group>"; };
		D5D68AFF1582A63E00730160 /* ViewController.h */ = {isa = PBXFileReference; lastKnownFileType = sourcecode.c.h; path = ViewController.h; sourceTree = "<group>"; };
		D5D68B001582A63E00730160 /* ViewController.m */ = {isa = PBXFileReference; lastKnownFileType = sourcecode.c.objc; path = ViewController.m; sourceTree = "<group>"; };
		D5D68B2F1582A76700730160 /* SystemConfiguration.framework */ = {isa = PBXFileReference; lastKnownFileType = wrapper.framework; name = SystemConfiguration.framework; path = System/Library/Frameworks/SystemConfiguration.framework; sourceTree = SDKROOT; };
		D5D68B311582A76D00730160 /* QuartzCore.framework */ = {isa = PBXFileReference; lastKnownFileType = wrapper.framework; name = QuartzCore.framework; path = System/Library/Frameworks/QuartzCore.framework; sourceTree = SDKROOT; };
		D64868A6CA6260731C2B7477 /* Pods_LocalNotificationSample.framework */ = {isa = PBXFileReference; explicitFileType = wrapper.framework; includeInIndex = 0; path = Pods_LocalNotificationSample.framework; sourceTree = BUILT_PRODUCTS_DIR; };
		E7FD1C4F1E6D2A2B6EC906D1 /* Pods-LocalNotificationSample.debug.xcconfig */ = {isa = PBXFileReference; includeInIndex = 1; lastKnownFileType = text.xcconfig; name = "Pods-LocalNotificationSample.debug.xcconfig"; path = "../Pods/Target Support Files/Pods-LocalNotificationSample/Pods-LocalNotificationSample.debug.xcconfig"; sourceTree = "<group>"; };
/* End PBXFileReference section */

/* Begin PBXFrameworksBuildPhase section */
		D5D68AE61582A63D00730160 /* Frameworks */ = {
			isa = PBXFrameworksBuildPhase;
			buildActionMask = 2147483647;
			files = (
				51C3D31A150FD3EBF71191B2 /* Pods_LocalNotificationSample.framework in Frameworks */,
			);
			runOnlyForDeploymentPostprocessing = 0;
		};
/* End PBXFrameworksBuildPhase section */

/* Begin PBXGroup section */
		A93D2435FAD6A70B4A9D7B1A /* Pods */ = {
			isa = PBXGroup;
			children = (
				E7FD1C4F1E6D2A2B6EC906D1 /* Pods-LocalNotificationSample.debug.xcconfig */,
				32B82C9388C4774316B5FA69 /* Pods-LocalNotificationSample.release.xcconfig */,
			);
			name = Pods;
			sourceTree = "<group>";
		};
		D5D68ADE1582A63D00730160 = {
			isa = PBXGroup;
			children = (
				D5D68AF31582A63D00730160 /* LocalNotificationSample */,
				D5D68AEC1582A63D00730160 /* Frameworks */,
				D5D68AEA1582A63D00730160 /* Products */,
				A93D2435FAD6A70B4A9D7B1A /* Pods */,
			);
			indentWidth = 4;
			sourceTree = "<group>";
			tabWidth = 4;
		};
		D5D68AEA1582A63D00730160 /* Products */ = {
			isa = PBXGroup;
			children = (
				D5D68AE91582A63D00730160 /* LocalNotificationSample.app */,
			);
			name = Products;
			sourceTree = "<group>";
		};
		D5D68AEC1582A63D00730160 /* Frameworks */ = {
			isa = PBXGroup;
			children = (
				99F1EC8018860570001B1A8B /* AVFoundation.framework */,
				99F1EC7A18860568001B1A8B /* CoreMedia.framework */,
				99F1EC7B18860568001B1A8B /* CoreMotion.framework */,
				99F1EC7C18860568001B1A8B /* CoreVideo.framework */,
				D5D68B311582A76D00730160 /* QuartzCore.framework */,
				D5D68B2F1582A76700730160 /* SystemConfiguration.framework */,
				D5D68AED1582A63D00730160 /* UIKit.framework */,
				D5D68AEF1582A63D00730160 /* Foundation.framework */,
				D5D68AF11582A63D00730160 /* CoreGraphics.framework */,
				D64868A6CA6260731C2B7477 /* Pods_LocalNotificationSample.framework */,
			);
			name = Frameworks;
			sourceTree = "<group>";
		};
		D5D68AF31582A63D00730160 /* LocalNotificationSample */ = {
			isa = PBXGroup;
			children = (
				96E5355E23747576008983C7 /* LaunchScreen.storyboard */,
				99F1EC9F188606A7001B1A8B /* exp_configuration.json */,
				D5D68AFC1582A63D00730160 /* AppDelegate.h */,
				D5D68AFD1582A63D00730160 /* AppDelegate.m */,
				D5D68AFF1582A63E00730160 /* ViewController.h */,
				D5D68B001582A63E00730160 /* ViewController.m */,
				D5D68AF41582A63D00730160 /* Supporting Files */,
				1FB2C648214AD9E60002E96A /* Assets.xcassets */,
				547BA53921FFCE630087BDE1 /* Main.storyboard */,
			);
			path = LocalNotificationSample;
			sourceTree = "<group>";
		};
		D5D68AF41582A63D00730160 /* Supporting Files */ = {
			isa = PBXGroup;
			children = (
				990EABCB18610D5D005BB53E /* Localizable.strings */,
				D5D68AF51582A63D00730160 /* LocalNotificationSample-Info.plist */,
				D5D68AF61582A63D00730160 /* InfoPlist.strings */,
				D5D68AF91582A63D00730160 /* main.m */,
				D5D68AFB1582A63D00730160 /* LocalNotificationSample-Prefix.pch */,
			);
			name = "Supporting Files";
			sourceTree = "<group>";
		};
/* End PBXGroup section */

/* Begin PBXNativeTarget section */
		D5D68AE81582A63D00730160 /* LocalNotificationSample */ = {
			isa = PBXNativeTarget;
			buildConfigurationList = D5D68B071582A63E00730160 /* Build configuration list for PBXNativeTarget "LocalNotificationSample" */;
			buildPhases = (
				F8588C4257779EF8048FE1CB /* [CP] Check Pods Manifest.lock */,
				D5D68AE51582A63D00730160 /* Sources */,
				D5D68AE61582A63D00730160 /* Frameworks */,
				D5D68AE71582A63D00730160 /* Resources */,
				6B899079831D609BDB7B8ADD /* [CP] Embed Pods Frameworks */,
			);
			buildRules = (
			);
			dependencies = (
			);
			name = LocalNotificationSample;
			productName = LocalNotificationSample;
			productReference = D5D68AE91582A63D00730160 /* LocalNotificationSample.app */;
			productType = "com.apple.product-type.application";
		};
/* End PBXNativeTarget section */

/* Begin PBXProject section */
		D5D68AE01582A63D00730160 /* Project object */ = {
			isa = PBXProject;
			attributes = {
				CLASSPREFIX = "";
				LastUpgradeCheck = 1100;
				ORGANIZATIONNAME = Verint;
				TargetAttributes = {
					D5D68AE81582A63D00730160 = {
						DevelopmentTeam = Q7SXD2TU64;
						ProvisioningStyle = Manual;
					};
				};
			};
			buildConfigurationList = D5D68AE31582A63D00730160 /* Build configuration list for PBXProject "LocalNotificationSample" */;
			compatibilityVersion = "Xcode 3.2";
			developmentRegion = en;
			hasScannedForEncodings = 0;
			knownRegions = (
				en,
				Base,
			);
			mainGroup = D5D68ADE1582A63D00730160;
			productRefGroup = D5D68AEA1582A63D00730160 /* Products */;
			projectDirPath = "";
			projectRoot = "";
			targets = (
				D5D68AE81582A63D00730160 /* LocalNotificationSample */,
			);
		};
/* End PBXProject section */

/* Begin PBXResourcesBuildPhase section */
		D5D68AE71582A63D00730160 /* Resources */ = {
			isa = PBXResourcesBuildPhase;
			buildActionMask = 2147483647;
			files = (
				547BA53A21FFCE630087BDE1 /* Main.storyboard in Resources */,
				D5D68AF81582A63D00730160 /* InfoPlist.strings in Resources */,
				99F1ECA0188606A7001B1A8B /* exp_configuration.json in Resources */,
				1FB2C649214AD9E60002E96A /* Assets.xcassets in Resources */,
				96E5355F23747576008983C7 /* LaunchScreen.storyboard in Resources */,
				990EABCD18610D5D005BB53E /* Localizable.strings in Resources */,
			);
			runOnlyForDeploymentPostprocessing = 0;
		};
/* End PBXResourcesBuildPhase section */

/* Begin PBXShellScriptBuildPhase section */
		6B899079831D609BDB7B8ADD /* [CP] Embed Pods Frameworks */ = {
			isa = PBXShellScriptBuildPhase;
			buildActionMask = 2147483647;
			files = (
			);
			inputPaths = (
				"${PODS_ROOT}/Target Support Files/Pods-LocalNotificationSample/Pods-LocalNotificationSample-frameworks.sh",
				"${PODS_XCFRAMEWORKS_BUILD_DIR}/Verint-XM/Core/EXPCore.framework/EXPCore",
				"${PODS_XCFRAMEWORKS_BUILD_DIR}/Verint-XM/Core/EXPUtilities.framework/EXPUtilities",
				"${PODS_XCFRAMEWORKS_BUILD_DIR}/Verint-XM/Core/EXPIngestionLogger.framework/EXPIngestionLogger",
				"${PODS_XCFRAMEWORKS_BUILD_DIR}/Verint-XM/Predictive/EXPPredictive.framework/EXPPredictive",
			);
			name = "[CP] Embed Pods Frameworks";
			outputPaths = (
				"${TARGET_BUILD_DIR}/${FRAMEWORKS_FOLDER_PATH}/EXPCore.framework",
				"${TARGET_BUILD_DIR}/${FRAMEWORKS_FOLDER_PATH}/EXPUtilities.framework",
				"${TARGET_BUILD_DIR}/${FRAMEWORKS_FOLDER_PATH}/EXPIngestionLogger.framework",
				"${TARGET_BUILD_DIR}/${FRAMEWORKS_FOLDER_PATH}/EXPPredictive.framework",
			);
			runOnlyForDeploymentPostprocessing = 0;
			shellPath = /bin/sh;
			shellScript = "\"${PODS_ROOT}/Target Support Files/Pods-LocalNotificationSample/Pods-LocalNotificationSample-frameworks.sh\"\n";
			showEnvVarsInLog = 0;
		};
		F8588C4257779EF8048FE1CB /* [CP] Check Pods Manifest.lock */ = {
			isa = PBXShellScriptBuildPhase;
			buildActionMask = 2147483647;
			files = (
			);
			inputPaths = (
				"${PODS_PODFILE_DIR_PATH}/Podfile.lock",
				"${PODS_ROOT}/Manifest.lock",
			);
			name = "[CP] Check Pods Manifest.lock";
			outputPaths = (
				"$(DERIVED_FILE_DIR)/Pods-LocalNotificationSample-checkManifestLockResult.txt",
			);
			runOnlyForDeploymentPostprocessing = 0;
			shellPath = /bin/sh;
			shellScript = "diff \"${PODS_PODFILE_DIR_PATH}/Podfile.lock\" \"${PODS_ROOT}/Manifest.lock\" > /dev/null\nif [ $? != 0 ] ; then\n    # print error to STDERR\n    echo \"error: The sandbox is not in sync with the Podfile.lock. Run 'pod install' or update your CocoaPods installation.\" >&2\n    exit 1\nfi\n# This output is used by Xcode 'outputs' to avoid re-running this script phase.\necho \"SUCCESS\" > \"${SCRIPT_OUTPUT_FILE_0}\"\n";
			showEnvVarsInLog = 0;
		};
/* End PBXShellScriptBuildPhase section */

/* Begin PBXSourcesBuildPhase section */
		D5D68AE51582A63D00730160 /* Sources */ = {
			isa = PBXSourcesBuildPhase;
			buildActionMask = 2147483647;
			files = (
				D5D68AFA1582A63D00730160 /* main.m in Sources */,
				D5D68AFE1582A63D00730160 /* AppDelegate.m in Sources */,
				D5D68B011582A63E00730160 /* ViewController.m in Sources */,
			);
			runOnlyForDeploymentPostprocessing = 0;
		};
/* End PBXSourcesBuildPhase section */

/* Begin PBXVariantGroup section */
		990EABCB18610D5D005BB53E /* Localizable.strings */ = {
			isa = PBXVariantGroup;
			children = (
				990EABCC18610D5D005BB53E /* en */,
			);
			name = Localizable.strings;
			sourceTree = "<group>";
		};
		D5D68AF61582A63D00730160 /* InfoPlist.strings */ = {
			isa = PBXVariantGroup;
			children = (
				D5D68AF71582A63D00730160 /* en */,
			);
			name = InfoPlist.strings;
			sourceTree = "<group>";
		};
/* End PBXVariantGroup section */

/* Begin XCBuildConfiguration section */
		D5D68B051582A63E00730160 /* Debug */ = {
			isa = XCBuildConfiguration;
			buildSettings = {
				ALWAYS_SEARCH_USER_PATHS = NO;
				CLANG_ANALYZER_LOCALIZABILITY_NONLOCALIZED = YES;
				CLANG_ENABLE_OBJC_ARC = YES;
				CLANG_WARN_BLOCK_CAPTURE_AUTORELEASING = YES;
				CLANG_WARN_BOOL_CONVERSION = YES;
				CLANG_WARN_COMMA = YES;
				CLANG_WARN_CONSTANT_CONVERSION = YES;
				CLANG_WARN_DEPRECATED_OBJC_IMPLEMENTATIONS = YES;
				CLANG_WARN_EMPTY_BODY = YES;
				CLANG_WARN_ENUM_CONVERSION = YES;
				CLANG_WARN_INFINITE_RECURSION = YES;
				CLANG_WARN_INT_CONVERSION = YES;
				CLANG_WARN_NON_LITERAL_NULL_CONVERSION = YES;
				CLANG_WARN_OBJC_IMPLICIT_RETAIN_SELF = YES;
				CLANG_WARN_OBJC_LITERAL_CONVERSION = YES;
				CLANG_WARN_RANGE_LOOP_ANALYSIS = YES;
				CLANG_WARN_STRICT_PROTOTYPES = YES;
				CLANG_WARN_SUSPICIOUS_MOVE = YES;
				CLANG_WARN_UNREACHABLE_CODE = YES;
				CLANG_WARN__DUPLICATE_METHOD_MATCH = YES;
				"CODE_SIGN_IDENTITY[sdk=iphoneos*]" = "iPhone Developer";
				COPY_PHASE_STRIP = NO;
				ENABLE_STRICT_OBJC_MSGSEND = YES;
				ENABLE_TESTABILITY = YES;
				GCC_C_LANGUAGE_STANDARD = gnu99;
				GCC_DYNAMIC_NO_PIC = NO;
				GCC_NO_COMMON_BLOCKS = YES;
				GCC_OPTIMIZATION_LEVEL = 0;
				GCC_PREPROCESSOR_DEFINITIONS = (
					"DEBUG=1",
					"$(inherited)",
				);
				GCC_SYMBOLS_PRIVATE_EXTERN = NO;
				GCC_VERSION = com.apple.compilers.llvm.clang.1_0;
				GCC_WARN_64_TO_32_BIT_CONVERSION = YES;
				GCC_WARN_ABOUT_RETURN_TYPE = YES;
				GCC_WARN_UNDECLARED_SELECTOR = YES;
				GCC_WARN_UNINITIALIZED_AUTOS = YES;
				GCC_WARN_UNUSED_FUNCTION = YES;
				GCC_WARN_UNUSED_VARIABLE = YES;
				IPHONEOS_DEPLOYMENT_TARGET = 13.0;
				ONLY_ACTIVE_ARCH = YES;
				SDKROOT = iphoneos;
			};
			name = Debug;
		};
		D5D68B061582A63E00730160 /* Release */ = {
			isa = XCBuildConfiguration;
			buildSettings = {
				ALWAYS_SEARCH_USER_PATHS = NO;
				CLANG_ANALYZER_LOCALIZABILITY_NONLOCALIZED = YES;
				CLANG_ENABLE_OBJC_ARC = YES;
				CLANG_WARN_BLOCK_CAPTURE_AUTORELEASING = YES;
				CLANG_WARN_BOOL_CONVERSION = YES;
				CLANG_WARN_COMMA = YES;
				CLANG_WARN_CONSTANT_CONVERSION = YES;
				CLANG_WARN_DEPRECATED_OBJC_IMPLEMENTATIONS = YES;
				CLANG_WARN_EMPTY_BODY = YES;
				CLANG_WARN_ENUM_CONVERSION = YES;
				CLANG_WARN_INFINITE_RECURSION = YES;
				CLANG_WARN_INT_CONVERSION = YES;
				CLANG_WARN_NON_LITERAL_NULL_CONVERSION = YES;
				CLANG_WARN_OBJC_IMPLICIT_RETAIN_SELF = YES;
				CLANG_WARN_OBJC_LITERAL_CONVERSION = YES;
				CLANG_WARN_RANGE_LOOP_ANALYSIS = YES;
				CLANG_WARN_STRICT_PROTOTYPES = YES;
				CLANG_WARN_SUSPICIOUS_MOVE = YES;
				CLANG_WARN_UNREACHABLE_CODE = YES;
				CLANG_WARN__DUPLICATE_METHOD_MATCH = YES;
				"CODE_SIGN_IDENTITY[sdk=iphoneos*]" = "iPhone Developer";
				COPY_PHASE_STRIP = YES;
				ENABLE_STRICT_OBJC_MSGSEND = YES;
				GCC_C_LANGUAGE_STANDARD = gnu99;
				GCC_NO_COMMON_BLOCKS = YES;
				GCC_VERSION = com.apple.compilers.llvm.clang.1_0;
				GCC_WARN_64_TO_32_BIT_CONVERSION = YES;
				GCC_WARN_ABOUT_RETURN_TYPE = YES;
				GCC_WARN_UNDECLARED_SELECTOR = YES;
				GCC_WARN_UNINITIALIZED_AUTOS = YES;
				GCC_WARN_UNUSED_FUNCTION = YES;
				GCC_WARN_UNUSED_VARIABLE = YES;
				IPHONEOS_DEPLOYMENT_TARGET = 13.0;
				OTHER_CFLAGS = "-DNS_BLOCK_ASSERTIONS=1";
				SDKROOT = iphoneos;
				VALIDATE_PRODUCT = YES;
			};
			name = Release;
		};
		D5D68B081582A63E00730160 /* Debug */ = {
			isa = XCBuildConfiguration;
			baseConfigurationReference = E7FD1C4F1E6D2A2B6EC906D1 /* Pods-LocalNotificationSample.debug.xcconfig */;
			buildSettings = {
				"CODE_SIGN_IDENTITY[sdk=iphoneos*]" = "iPhone Distribution";
				CODE_SIGN_STYLE = Manual;
				DEVELOPMENT_TEAM = Q7SXD2TU64;
				"DEVELOPMENT_TEAM[sdk=iphoneos*]" = Q7SXD2TU64;
				FRAMEWORK_SEARCH_PATHS = (
					"$(inherited)",
					"$(PROJECT_DIR)/LocalNotificationSample",
				);
				GCC_PRECOMPILE_PREFIX_HEADER = YES;
				GCC_PREFIX_HEADER = "LocalNotificationSample/LocalNotificationSample-Prefix.pch";
				INFOPLIST_FILE = "LocalNotificationSample/LocalNotificationSample-Info.plist";
				LIBRARY_SEARCH_PATHS = "$(inherited)";
				PRODUCT_BUNDLE_IDENTIFIER = com.verint.xm.samples.LocalNotificationSample;
				PRODUCT_NAME = "$(TARGET_NAME)";
				PROVISIONING_PROFILE_SPECIFIER = "match Development com.foresee.samples.LocalNotificationSample";
				"PROVISIONING_PROFILE_SPECIFIER[sdk=iphoneos*]" = "match AdHoc com.foresee.samples.LocalNotificationSample";
				WRAPPER_EXTENSION = app;
			};
			name = Debug;
		};
		D5D68B091582A63E00730160 /* Release */ = {
			isa = XCBuildConfiguration;
			baseConfigurationReference = 32B82C9388C4774316B5FA69 /* Pods-LocalNotificationSample.release.xcconfig */;
			buildSettings = {
				"CODE_SIGN_IDENTITY[sdk=iphoneos*]" = "iPhone Distribution";
				CODE_SIGN_STYLE = Manual;
				DEVELOPMENT_TEAM = Q7SXD2TU64;
				"DEVELOPMENT_TEAM[sdk=iphoneos*]" = Q7SXD2TU64;
				FRAMEWORK_SEARCH_PATHS = (
					"$(inherited)",
					"$(PROJECT_DIR)/LocalNotificationSample",
				);
				GCC_PRECOMPILE_PREFIX_HEADER = YES;
				GCC_PREFIX_HEADER = "LocalNotificationSample/LocalNotificationSample-Prefix.pch";
				INFOPLIST_FILE = "LocalNotificationSample/LocalNotificationSample-Info.plist";
				LIBRARY_SEARCH_PATHS = "$(inherited)";
				PRODUCT_BUNDLE_IDENTIFIER = com.verint.xm.samples.LocalNotificationSample;
				PRODUCT_NAME = "$(TARGET_NAME)";
				PROVISIONING_PROFILE_SPECIFIER = "match Development com.foresee.samples.LocalNotificationSample";
				"PROVISIONING_PROFILE_SPECIFIER[sdk=iphoneos*]" = "match AdHoc com.foresee.samples.LocalNotificationSample";
				WRAPPER_EXTENSION = app;
			};
			name = Release;
		};
/* End XCBuildConfiguration section */

/* Begin XCConfigurationList section */
		D5D68AE31582A63D00730160 /* Build configuration list for PBXProject "LocalNotificationSample" */ = {
			isa = XCConfigurationList;
			buildConfigurations = (
				D5D68B051582A63E00730160 /* Debug */,
				D5D68B061582A63E00730160 /* Release */,
			);
			defaultConfigurationIsVisible = 0;
			defaultConfigurationName = Release;
		};
		D5D68B071582A63E00730160 /* Build configuration list for PBXNativeTarget "LocalNotificationSample" */ = {
			isa = XCConfigurationList;
			buildConfigurations = (
				D5D68B081582A63E00730160 /* Debug */,
				D5D68B091582A63E00730160 /* Release */,
			);
			defaultConfigurationIsVisible = 0;
			defaultConfigurationName = Release;
		};
/* End XCConfigurationList section */
	};
	rootObject = D5D68AE01582A63D00730160 /* Project object */;
}
