PODS:
  - ForeSee (5.2.0):
    - ForeSee/ForeSeeCxMeasure (= 5.2.0)
  - ForeSee/Core (5.2.0)
  - ForeSee/ForeSeeCxMeasure (5.2.0):
    - ForeSee/Core
  - ForeSee/ForeSeeFeedback (5.2.0):
    - ForeSee/Core
  - SSSnackbar (0.1.2)

DEPENDENCIES:
  - ForeSee (= 5.2.0)
  - ForeSee/ForeSeeFeedback (= 5.2.0)
  - SSSnackbar (~> 0.1.2)

SPEC REPOS:
  https://github.com/cocoapods/specs.git:
    - ForeSee
    - SSSnackbar

SPEC CHECKSUMS:
  ForeSee: 5680dd31d531e73f4af5d3ba5b6dd0033a2cabf5
  SSSnackbar: 6a16cf8ab848d99a03ba21a7dab94d4478beabed

PODFILE CHECKSUM: 4bfd4170fde5a27f19db3b5c0e6b02b53ce5ceff

COCOAPODS: 1.5.3
