PODS:
  - ForeSee/Core (6.0.8)
  - ForeSee/ForeSeeCxMeasure (6.0.8):
    - ForeSee/Core
  - ForeSee/ForeSeeFeedback (6.0.8):
    - ForeSee/Core

DEPENDENCIES:
  - ForeSee/Core (= 6.0.8)
  - ForeSee/ForeSeeCxMeasure (= 6.0.8)
  - ForeSee/ForeSeeFeedback (= 6.0.8)

SPEC REPOS:
  https://github.com/CocoaPods/Specs.git:
    - ForeSee

SPEC CHECKSUMS:
  ForeSee: 149b703b43beabf2a679782eabadaf42ec2be11c

PODFILE CHECKSUM: 1629a2f495039a0980f6ef946fe56c09ac3450a1

COCOAPODS: 1.11.3
