// !$*UTF8*$!
{
	archiveVersion = 1;
	classes = {
	};
	objectVersion = 46;
	objects = {

/* Begin PBXBuildFile section */
		99AF581D1B911C3D00826506 /* foresee_configuration.json in Resources */ = {isa = PBXBuildFile; fileRef = 99AF581B1B911C3D00826506 /* foresee_configuration.json */; };
		D51310D1150541F200619182 /* UIKit.framework in Frameworks */ = {isa = PBXBuildFile; fileRef = D51310D0150541F200619182 /* UIKit.framework */; };
		D51310D3150541F200619182 /* Foundation.framework in Frameworks */ = {isa = PBXBuildFile; fileRef = D51310D2150541F200619182 /* Foundation.framework */; };
		D51310D5150541F200619182 /* CoreGraphics.framework in Frameworks */ = {isa = PBXBuildFile; fileRef = D51310D4150541F200619182 /* CoreGraphics.framework */; };
		D51310DB150541F200619182 /* InfoPlist.strings in Resources */ = {isa = PBXBuildFile; fileRef = D51310D9150541F200619182 /* InfoPlist.strings */; };
		D51310DD150541F200619182 /* main.m in Sources */ = {isa = PBXBuildFile; fileRef = D51310DC150541F200619182 /* main.m */; };
		D51310E1150541F200619182 /* FSAppDelegate.m in Sources */ = {isa = PBXBuildFile; fileRef = D51310E0150541F200619182 /* FSAppDelegate.m */; };
		D51310E4150541F200619182 /* FSViewController.m in Sources */ = {isa = PBXBuildFile; fileRef = D51310E3150541F200619182 /* FSViewController.m */; };
		D51310E7150541F200619182 /* FSViewController.xib in Resources */ = {isa = PBXBuildFile; fileRef = D51310E5150541F200619182 /* FSViewController.xib */; };
		D5131148150542CA00619182 /* QuartzCore.framework in Frameworks */ = {isa = PBXBuildFile; fileRef = D5131147150542CA00619182 /* QuartzCore.framework */; };
		D513114A150542D200619182 /* SystemConfiguration.framework in Frameworks */ = {isa = PBXBuildFile; fileRef = D5131149150542D100619182 /* SystemConfiguration.framework */; };
		D513114D1505444F00619182 /* Localizable.strings in Resources */ = {isa = PBXBuildFile; fileRef = D513114F1505444F00619182 /* Localizable.strings */; };
		D586FDBE17383517008BD52B /* AVFoundation.framework in Frameworks */ = {isa = PBXBuildFile; fileRef = D586FDBD17383517008BD52B /* AVFoundation.framework */; };
		D586FDC01738351B008BD52B /* CoreMedia.framework in Frameworks */ = {isa = PBXBuildFile; fileRef = D586FDBF1738351B008BD52B /* CoreMedia.framework */; };
		D586FDC217383520008BD52B /* CoreMotion.framework in Frameworks */ = {isa = PBXBuildFile; fileRef = D586FDC117383520008BD52B /* CoreMotion.framework */; };
		D586FDC417383524008BD52B /* CoreVideo.framework in Frameworks */ = {isa = PBXBuildFile; fileRef = D586FDC317383524008BD52B /* CoreVideo.framework */; };
		D586FDC617383528008BD52B /* libz.dylib in Frameworks */ = {isa = PBXBuildFile; fileRef = D586FDC517383528008BD52B /* libz.dylib */; };
		D586FE1B173839B4008BD52B /* Default-568h@2x.png in Resources */ = {isa = PBXBuildFile; fileRef = D586FE1A173839B4008BD52B /* Default-568h@2x.png */; };
		E9CAFBE1DC7EE230BEA970A0 /* libPods-InternationalizationSample.a in Frameworks */ = {isa = PBXBuildFile; fileRef = 21678F83D5A08F99C42F9334 /* libPods-InternationalizationSample.a */; };
/* End PBXBuildFile section */

/* Begin PBXFileReference section */
		0972AAB8AB71EEF58EEB1A2E /* Pods-InternationalizationSample.debug.xcconfig */ = {isa = PBXFileReference; includeInIndex = 1; lastKnownFileType = text.xcconfig; name = "Pods-InternationalizationSample.debug.xcconfig"; path = "../Pods/Target Support Files/Pods-InternationalizationSample/Pods-InternationalizationSample.debug.xcconfig"; sourceTree = "<group>"; };
		21678F83D5A08F99C42F9334 /* libPods-InternationalizationSample.a */ = {isa = PBXFileReference; explicitFileType = archive.ar; includeInIndex = 0; path = "libPods-InternationalizationSample.a"; sourceTree = BUILT_PRODUCTS_DIR; };
		8C9616078280B3DC9C7B21CF /* Pods-InternationalizationSample.release.xcconfig */ = {isa = PBXFileReference; includeInIndex = 1; lastKnownFileType = text.xcconfig; name = "Pods-InternationalizationSample.release.xcconfig"; path = "../Pods/Target Support Files/Pods-InternationalizationSample/Pods-InternationalizationSample.release.xcconfig"; sourceTree = "<group>"; };
		99AF581C1B911C3D00826506 /* en */ = {isa = PBXFileReference; lastKnownFileType = text.json; name = en; path = en.lproj/foresee_configuration.json; sourceTree = "<group>"; };
		99AF581E1B911C4400826506 /* es */ = {isa = PBXFileReference; lastKnownFileType = text.json; name = es; path = es.lproj/foresee_configuration.json; sourceTree = "<group>"; };
		99AF581F1B911C4D00826506 /* fr */ = {isa = PBXFileReference; lastKnownFileType = text.json; name = fr; path = fr.lproj/foresee_configuration.json; sourceTree = "<group>"; };
		D51310CC150541F200619182 /* InternationalizationSample.app */ = {isa = PBXFileReference; explicitFileType = wrapper.application; includeInIndex = 0; path = InternationalizationSample.app; sourceTree = BUILT_PRODUCTS_DIR; };
		D51310D0150541F200619182 /* UIKit.framework */ = {isa = PBXFileReference; lastKnownFileType = wrapper.framework; name = UIKit.framework; path = System/Library/Frameworks/UIKit.framework; sourceTree = SDKROOT; };
		D51310D2150541F200619182 /* Foundation.framework */ = {isa = PBXFileReference; lastKnownFileType = wrapper.framework; name = Foundation.framework; path = System/Library/Frameworks/Foundation.framework; sourceTree = SDKROOT; };
		D51310D4150541F200619182 /* CoreGraphics.framework */ = {isa = PBXFileReference; lastKnownFileType = wrapper.framework; name = CoreGraphics.framework; path = System/Library/Frameworks/CoreGraphics.framework; sourceTree = SDKROOT; };
		D51310D8150541F200619182 /* InternationalizationSample-Info.plist */ = {isa = PBXFileReference; lastKnownFileType = text.plist.xml; path = "InternationalizationSample-Info.plist"; sourceTree = "<group>"; };
		D51310DA150541F200619182 /* en */ = {isa = PBXFileReference; lastKnownFileType = text.plist.strings; name = en; path = en.lproj/InfoPlist.strings; sourceTree = "<group>"; };
		D51310DC150541F200619182 /* main.m */ = {isa = PBXFileReference; lastKnownFileType = sourcecode.c.objc; path = main.m; sourceTree = "<group>"; };
		D51310DE150541F200619182 /* InternationalizationSample-Prefix.pch */ = {isa = PBXFileReference; lastKnownFileType = sourcecode.c.h; path = "InternationalizationSample-Prefix.pch"; sourceTree = "<group>"; };
		D51310DF150541F200619182 /* FSAppDelegate.h */ = {isa = PBXFileReference; lastKnownFileType = sourcecode.c.h; path = FSAppDelegate.h; sourceTree = "<group>"; };
		D51310E0150541F200619182 /* FSAppDelegate.m */ = {isa = PBXFileReference; lastKnownFileType = sourcecode.c.objc; path = FSAppDelegate.m; sourceTree = "<group>"; };
		D51310E2150541F200619182 /* FSViewController.h */ = {isa = PBXFileReference; lastKnownFileType = sourcecode.c.h; path = FSViewController.h; sourceTree = "<group>"; };
		D51310E3150541F200619182 /* FSViewController.m */ = {isa = PBXFileReference; lastKnownFileType = sourcecode.c.objc; path = FSViewController.m; sourceTree = "<group>"; };
		D51310E6150541F200619182 /* en */ = {isa = PBXFileReference; lastKnownFileType = file.xib; name = en; path = en.lproj/FSViewController.xib; sourceTree = "<group>"; };
		D5131147150542CA00619182 /* QuartzCore.framework */ = {isa = PBXFileReference; lastKnownFileType = wrapper.framework; name = QuartzCore.framework; path = System/Library/Frameworks/QuartzCore.framework; sourceTree = SDKROOT; };
		D5131149150542D100619182 /* SystemConfiguration.framework */ = {isa = PBXFileReference; lastKnownFileType = wrapper.framework; name = SystemConfiguration.framework; path = System/Library/Frameworks/SystemConfiguration.framework; sourceTree = SDKROOT; };
		D513114E1505444F00619182 /* en */ = {isa = PBXFileReference; lastKnownFileType = text.plist.strings; name = en; path = en.lproj/Localizable.strings; sourceTree = "<group>"; };
		D5131150150544EE00619182 /* fr */ = {isa = PBXFileReference; lastKnownFileType = text.plist.strings; name = fr; path = fr.lproj/InfoPlist.strings; sourceTree = "<group>"; };
		D5131151150544EE00619182 /* fr */ = {isa = PBXFileReference; lastKnownFileType = text.plist.strings; name = fr; path = fr.lproj/Localizable.strings; sourceTree = "<group>"; };
		D5131152150544EE00619182 /* fr */ = {isa = PBXFileReference; lastKnownFileType = file.xib; name = fr; path = fr.lproj/FSViewController.xib; sourceTree = "<group>"; };
		D5131153150544FD00619182 /* es */ = {isa = PBXFileReference; lastKnownFileType = text.plist.strings; name = es; path = es.lproj/InfoPlist.strings; sourceTree = "<group>"; };
		D5131154150544FD00619182 /* es */ = {isa = PBXFileReference; lastKnownFileType = text.plist.strings; name = es; path = es.lproj/Localizable.strings; sourceTree = "<group>"; };
		D5131155150544FD00619182 /* es */ = {isa = PBXFileReference; lastKnownFileType = file.xib; name = es; path = es.lproj/FSViewController.xib; sourceTree = "<group>"; };
		D586FDBD17383517008BD52B /* AVFoundation.framework */ = {isa = PBXFileReference; lastKnownFileType = wrapper.framework; name = AVFoundation.framework; path = System/Library/Frameworks/AVFoundation.framework; sourceTree = SDKROOT; };
		D586FDBF1738351B008BD52B /* CoreMedia.framework */ = {isa = PBXFileReference; lastKnownFileType = wrapper.framework; name = CoreMedia.framework; path = System/Library/Frameworks/CoreMedia.framework; sourceTree = SDKROOT; };
		D586FDC117383520008BD52B /* CoreMotion.framework */ = {isa = PBXFileReference; lastKnownFileType = wrapper.framework; name = CoreMotion.framework; path = System/Library/Frameworks/CoreMotion.framework; sourceTree = SDKROOT; };
		D586FDC317383524008BD52B /* CoreVideo.framework */ = {isa = PBXFileReference; lastKnownFileType = wrapper.framework; name = CoreVideo.framework; path = System/Library/Frameworks/CoreVideo.framework; sourceTree = SDKROOT; };
		D586FDC517383528008BD52B /* libz.dylib */ = {isa = PBXFileReference; lastKnownFileType = "compiled.mach-o.dylib"; name = libz.dylib; path = usr/lib/libz.dylib; sourceTree = SDKROOT; };
		D586FE1A173839B4008BD52B /* Default-568h@2x.png */ = {isa = PBXFileReference; lastKnownFileType = image.png; name = "Default-568h@2x.png"; path = "../Default-568h@2x.png"; sourceTree = "<group>"; };
/* End PBXFileReference section */

/* Begin PBXFrameworksBuildPhase section */
		D51310C9150541F200619182 /* Frameworks */ = {
			isa = PBXFrameworksBuildPhase;
			buildActionMask = 2147483647;
			files = (
				D586FDC617383528008BD52B /* libz.dylib in Frameworks */,
				D586FDC417383524008BD52B /* CoreVideo.framework in Frameworks */,
				D586FDC217383520008BD52B /* CoreMotion.framework in Frameworks */,
				D586FDC01738351B008BD52B /* CoreMedia.framework in Frameworks */,
				D586FDBE17383517008BD52B /* AVFoundation.framework in Frameworks */,
				D513114A150542D200619182 /* SystemConfiguration.framework in Frameworks */,
				D5131148150542CA00619182 /* QuartzCore.framework in Frameworks */,
				D51310D1150541F200619182 /* UIKit.framework in Frameworks */,
				D51310D3150541F200619182 /* Foundation.framework in Frameworks */,
				D51310D5150541F200619182 /* CoreGraphics.framework in Frameworks */,
				E9CAFBE1DC7EE230BEA970A0 /* libPods-InternationalizationSample.a in Frameworks */,
			);
			runOnlyForDeploymentPostprocessing = 0;
		};
/* End PBXFrameworksBuildPhase section */

/* Begin PBXGroup section */
		CF933D2F1DA1D0A5F4229182 /* Pods */ = {
			isa = PBXGroup;
			children = (
				0972AAB8AB71EEF58EEB1A2E /* Pods-InternationalizationSample.debug.xcconfig */,
				8C9616078280B3DC9C7B21CF /* Pods-InternationalizationSample.release.xcconfig */,
			);
			name = Pods;
			sourceTree = "<group>";
		};
		D51310C1150541F200619182 = {
			isa = PBXGroup;
			children = (
				D51310D6150541F200619182 /* InternationalizationSample */,
				D51310CF150541F200619182 /* Frameworks */,
				D51310CD150541F200619182 /* Products */,
				CF933D2F1DA1D0A5F4229182 /* Pods */,
			);
			indentWidth = 4;
			sourceTree = "<group>";
			tabWidth = 4;
		};
		D51310CD150541F200619182 /* Products */ = {
			isa = PBXGroup;
			children = (
				D51310CC150541F200619182 /* InternationalizationSample.app */,
			);
			name = Products;
			sourceTree = "<group>";
		};
		D51310CF150541F200619182 /* Frameworks */ = {
			isa = PBXGroup;
			children = (
				D5131149150542D100619182 /* SystemConfiguration.framework */,
				D5131147150542CA00619182 /* QuartzCore.framework */,
				D51310D0150541F200619182 /* UIKit.framework */,
				D51310D2150541F200619182 /* Foundation.framework */,
				D51310D4150541F200619182 /* CoreGraphics.framework */,
				D586FDC317383524008BD52B /* CoreVideo.framework */,
				D586FDC117383520008BD52B /* CoreMotion.framework */,
				D586FDBF1738351B008BD52B /* CoreMedia.framework */,
				D586FDBD17383517008BD52B /* AVFoundation.framework */,
				D586FDC517383528008BD52B /* libz.dylib */,
				21678F83D5A08F99C42F9334 /* libPods-InternationalizationSample.a */,
			);
			name = Frameworks;
			sourceTree = "<group>";
		};
		D51310D6150541F200619182 /* InternationalizationSample */ = {
			isa = PBXGroup;
			children = (
				D51310DF150541F200619182 /* FSAppDelegate.h */,
				D51310E0150541F200619182 /* FSAppDelegate.m */,
				D51310E2150541F200619182 /* FSViewController.h */,
				D51310E3150541F200619182 /* FSViewController.m */,
				D51310E5150541F200619182 /* FSViewController.xib */,
				D51310D7150541F200619182 /* Supporting Files */,
			);
			path = InternationalizationSample;
			sourceTree = "<group>";
		};
		D51310D7150541F200619182 /* Supporting Files */ = {
			isa = PBXGroup;
			children = (
				99AF581B1B911C3D00826506 /* foresee_configuration.json */,
				D586FE1A173839B4008BD52B /* Default-568h@2x.png */,
				D51310D8150541F200619182 /* InternationalizationSample-Info.plist */,
				D51310D9150541F200619182 /* InfoPlist.strings */,
				D51310DC150541F200619182 /* main.m */,
				D51310DE150541F200619182 /* InternationalizationSample-Prefix.pch */,
				D513114F1505444F00619182 /* Localizable.strings */,
			);
			name = "Supporting Files";
			sourceTree = "<group>";
		};
/* End PBXGroup section */

/* Begin PBXNativeTarget section */
		D51310CB150541F200619182 /* InternationalizationSample */ = {
			isa = PBXNativeTarget;
			buildConfigurationList = D51310EA150541F200619182 /* Build configuration list for PBXNativeTarget "InternationalizationSample" */;
			buildPhases = (
				DB14D2A1294BB57C0211D70B /* [CP] Check Pods Manifest.lock */,
				D51310C8150541F200619182 /* Sources */,
				D51310C9150541F200619182 /* Frameworks */,
				D51310CA150541F200619182 /* Resources */,
				BC835EB28532CDE2C4A8AF1D /* [CP] Embed Pods Frameworks */,
			);
			buildRules = (
			);
			dependencies = (
			);
			name = InternationalizationSample;
			productName = InternationalizationSample;
			productReference = D51310CC150541F200619182 /* InternationalizationSample.app */;
			productType = "com.apple.product-type.application";
		};
/* End PBXNativeTarget section */

/* Begin PBXProject section */
		D51310C3150541F200619182 /* Project object */ = {
			isa = PBXProject;
			attributes = {
				LastUpgradeCheck = 0930;
				ORGANIZATIONNAME = ForeSee;
			};
			buildConfigurationList = D51310C6150541F200619182 /* Build configuration list for PBXProject "InternationalizationSample" */;
			compatibilityVersion = "Xcode 3.2";
			developmentRegion = English;
			hasScannedForEncodings = 0;
			knownRegions = (
				en,
				es,
				fr,
			);
			mainGroup = D51310C1150541F200619182;
			productRefGroup = D51310CD150541F200619182 /* Products */;
			projectDirPath = "";
			projectRoot = "";
			targets = (
				D51310CB150541F200619182 /* InternationalizationSample */,
			);
		};
/* End PBXProject section */

/* Begin PBXResourcesBuildPhase section */
		D51310CA150541F200619182 /* Resources */ = {
			isa = PBXResourcesBuildPhase;
			buildActionMask = 2147483647;
			files = (
				D51310DB150541F200619182 /* InfoPlist.strings in Resources */,
				D51310E7150541F200619182 /* FSViewController.xib in Resources */,
				D513114D1505444F00619182 /* Localizable.strings in Resources */,
				99AF581D1B911C3D00826506 /* foresee_configuration.json in Resources */,
				D586FE1B173839B4008BD52B /* Default-568h@2x.png in Resources */,
			);
			runOnlyForDeploymentPostprocessing = 0;
		};
/* End PBXResourcesBuildPhase section */

/* Begin PBXShellScriptBuildPhase section */
		BC835EB28532CDE2C4A8AF1D /* [CP] Embed Pods Frameworks */ = {
			isa = PBXShellScriptBuildPhase;
			buildActionMask = 2147483647;
			files = (
			);
			inputPaths = (
				"${SRCROOT}/../Pods/Target Support Files/Pods-InternationalizationSample/Pods-InternationalizationSample-frameworks.sh",
				"${PODS_ROOT}/ForeSee/lib/ForeSee.framework",
			);
			name = "[CP] Embed Pods Frameworks";
			outputPaths = (
				"${TARGET_BUILD_DIR}/${FRAMEWORKS_FOLDER_PATH}/ForeSee.framework",
			);
			runOnlyForDeploymentPostprocessing = 0;
			shellPath = /bin/sh;
			shellScript = "\"${SRCROOT}/../Pods/Target Support Files/Pods-InternationalizationSample/Pods-InternationalizationSample-frameworks.sh\"\n";
			showEnvVarsInLog = 0;
		};
		DB14D2A1294BB57C0211D70B /* [CP] Check Pods Manifest.lock */ = {
			isa = PBXShellScriptBuildPhase;
			buildActionMask = 2147483647;
			files = (
			);
			inputPaths = (
				"${PODS_PODFILE_DIR_PATH}/Podfile.lock",
				"${PODS_ROOT}/Manifest.lock",
			);
			name = "[CP] Check Pods Manifest.lock";
			outputPaths = (
				"$(DERIVED_FILE_DIR)/Pods-InternationalizationSample-checkManifestLockResult.txt",
			);
			runOnlyForDeploymentPostprocessing = 0;
			shellPath = /bin/sh;
			shellScript = "diff \"${PODS_PODFILE_DIR_PATH}/Podfile.lock\" \"${PODS_ROOT}/Manifest.lock\" > /dev/null\nif [ $? != 0 ] ; then\n    # print error to STDERR\n    echo \"error: The sandbox is not in sync with the Podfile.lock. Run 'pod install' or update your CocoaPods installation.\" >&2\n    exit 1\nfi\n# This output is used by Xcode 'outputs' to avoid re-running this script phase.\necho \"SUCCESS\" > \"${SCRIPT_OUTPUT_FILE_0}\"\n";
			showEnvVarsInLog = 0;
		};
/* End PBXShellScriptBuildPhase section */

/* Begin PBXSourcesBuildPhase section */
		D51310C8150541F200619182 /* Sources */ = {
			isa = PBXSourcesBuildPhase;
			buildActionMask = 2147483647;
			files = (
				D51310DD150541F200619182 /* main.m in Sources */,
				D51310E1150541F200619182 /* FSAppDelegate.m in Sources */,
				D51310E4150541F200619182 /* FSViewController.m in Sources */,
			);
			runOnlyForDeploymentPostprocessing = 0;
		};
/* End PBXSourcesBuildPhase section */

/* Begin PBXVariantGroup section */
		99AF581B1B911C3D00826506 /* foresee_configuration.json */ = {
			isa = PBXVariantGroup;
			children = (
				99AF581C1B911C3D00826506 /* en */,
				99AF581E1B911C4400826506 /* es */,
				99AF581F1B911C4D00826506 /* fr */,
			);
			name = foresee_configuration.json;
			sourceTree = "<group>";
		};
		D51310D9150541F200619182 /* InfoPlist.strings */ = {
			isa = PBXVariantGroup;
			children = (
				D51310DA150541F200619182 /* en */,
				D5131150150544EE00619182 /* fr */,
				D5131153150544FD00619182 /* es */,
			);
			name = InfoPlist.strings;
			sourceTree = "<group>";
		};
		D51310E5150541F200619182 /* FSViewController.xib */ = {
			isa = PBXVariantGroup;
			children = (
				D51310E6150541F200619182 /* en */,
				D5131152150544EE00619182 /* fr */,
				D5131155150544FD00619182 /* es */,
			);
			name = FSViewController.xib;
			sourceTree = "<group>";
		};
		D513114F1505444F00619182 /* Localizable.strings */ = {
			isa = PBXVariantGroup;
			children = (
				D513114E1505444F00619182 /* en */,
				D5131151150544EE00619182 /* fr */,
				D5131154150544FD00619182 /* es */,
			);
			name = Localizable.strings;
			sourceTree = "<group>";
		};
/* End PBXVariantGroup section */

/* Begin XCBuildConfiguration section */
		D51310E8150541F200619182 /* Debug */ = {
			isa = XCBuildConfiguration;
			buildSettings = {
				ALWAYS_SEARCH_USER_PATHS = NO;
				CLANG_ANALYZER_LOCALIZABILITY_NONLOCALIZED = YES;
				CLANG_WARN_BLOCK_CAPTURE_AUTORELEASING = YES;
				CLANG_WARN_BOOL_CONVERSION = YES;
				CLANG_WARN_COMMA = YES;
				CLANG_WARN_CONSTANT_CONVERSION = YES;
				CLANG_WARN_DEPRECATED_OBJC_IMPLEMENTATIONS = YES;
				CLANG_WARN_EMPTY_BODY = YES;
				CLANG_WARN_ENUM_CONVERSION = YES;
				CLANG_WARN_INFINITE_RECURSION = YES;
				CLANG_WARN_INT_CONVERSION = YES;
				CLANG_WARN_NON_LITERAL_NULL_CONVERSION = YES;
				CLANG_WARN_OBJC_IMPLICIT_RETAIN_SELF = YES;
				CLANG_WARN_OBJC_LITERAL_CONVERSION = YES;
				CLANG_WARN_RANGE_LOOP_ANALYSIS = YES;
				CLANG_WARN_STRICT_PROTOTYPES = YES;
				CLANG_WARN_SUSPICIOUS_MOVE = YES;
				CLANG_WARN_UNREACHABLE_CODE = YES;
				CLANG_WARN__DUPLICATE_METHOD_MATCH = YES;
				"CODE_SIGN_IDENTITY[sdk=iphoneos*]" = "iPhone Developer";
				COPY_PHASE_STRIP = NO;
				ENABLE_STRICT_OBJC_MSGSEND = YES;
				ENABLE_TESTABILITY = YES;
				GCC_C_LANGUAGE_STANDARD = gnu99;
				GCC_DYNAMIC_NO_PIC = NO;
				GCC_NO_COMMON_BLOCKS = YES;
				GCC_OPTIMIZATION_LEVEL = 0;
				GCC_PREPROCESSOR_DEFINITIONS = (
					"DEBUG=1",
					"$(inherited)",
				);
				GCC_SYMBOLS_PRIVATE_EXTERN = NO;
				GCC_VERSION = com.apple.compilers.llvm.clang.1_0;
				GCC_WARN_64_TO_32_BIT_CONVERSION = YES;
				GCC_WARN_ABOUT_MISSING_PROTOTYPES = YES;
				GCC_WARN_ABOUT_RETURN_TYPE = YES;
				GCC_WARN_UNDECLARED_SELECTOR = YES;
				GCC_WARN_UNINITIALIZED_AUTOS = YES;
				GCC_WARN_UNUSED_FUNCTION = YES;
				GCC_WARN_UNUSED_VARIABLE = YES;
				IPHONEOS_DEPLOYMENT_TARGET = 10.3;
				ONLY_ACTIVE_ARCH = YES;
				SDKROOT = iphoneos;
			};
			name = Debug;
		};
		D51310E9150541F200619182 /* Release */ = {
			isa = XCBuildConfiguration;
			buildSettings = {
				ALWAYS_SEARCH_USER_PATHS = NO;
				CLANG_ANALYZER_LOCALIZABILITY_NONLOCALIZED = YES;
				CLANG_WARN_BLOCK_CAPTURE_AUTORELEASING = YES;
				CLANG_WARN_BOOL_CONVERSION = YES;
				CLANG_WARN_COMMA = YES;
				CLANG_WARN_CONSTANT_CONVERSION = YES;
				CLANG_WARN_DEPRECATED_OBJC_IMPLEMENTATIONS = YES;
				CLANG_WARN_EMPTY_BODY = YES;
				CLANG_WARN_ENUM_CONVERSION = YES;
				CLANG_WARN_INFINITE_RECURSION = YES;
				CLANG_WARN_INT_CONVERSION = YES;
				CLANG_WARN_NON_LITERAL_NULL_CONVERSION = YES;
				CLANG_WARN_OBJC_IMPLICIT_RETAIN_SELF = YES;
				CLANG_WARN_OBJC_LITERAL_CONVERSION = YES;
				CLANG_WARN_RANGE_LOOP_ANALYSIS = YES;
				CLANG_WARN_STRICT_PROTOTYPES = YES;
				CLANG_WARN_SUSPICIOUS_MOVE = YES;
				CLANG_WARN_UNREACHABLE_CODE = YES;
				CLANG_WARN__DUPLICATE_METHOD_MATCH = YES;
				"CODE_SIGN_IDENTITY[sdk=iphoneos*]" = "iPhone Developer";
				COPY_PHASE_STRIP = YES;
				ENABLE_STRICT_OBJC_MSGSEND = YES;
				GCC_C_LANGUAGE_STANDARD = gnu99;
				GCC_NO_COMMON_BLOCKS = YES;
				GCC_VERSION = com.apple.compilers.llvm.clang.1_0;
				GCC_WARN_64_TO_32_BIT_CONVERSION = YES;
				GCC_WARN_ABOUT_MISSING_PROTOTYPES = YES;
				GCC_WARN_ABOUT_RETURN_TYPE = YES;
				GCC_WARN_UNDECLARED_SELECTOR = YES;
				GCC_WARN_UNINITIALIZED_AUTOS = YES;
				GCC_WARN_UNUSED_FUNCTION = YES;
				GCC_WARN_UNUSED_VARIABLE = YES;
				IPHONEOS_DEPLOYMENT_TARGET = 10.3;
				OTHER_CFLAGS = "-DNS_BLOCK_ASSERTIONS=1";
				SDKROOT = iphoneos;
				VALIDATE_PRODUCT = YES;
			};
			name = Release;
		};
		D51310EB150541F200619182 /* Debug */ = {
			isa = XCBuildConfiguration;
			baseConfigurationReference = 0972AAB8AB71EEF58EEB1A2E /* Pods-InternationalizationSample.debug.xcconfig */;
			buildSettings = {
				CLANG_ENABLE_OBJC_WEAK = YES;
				FRAMEWORK_SEARCH_PATHS = (
					"$(inherited)",
					"$(PROJECT_DIR)/InternationalizationSample",
				);
				GCC_PRECOMPILE_PREFIX_HEADER = YES;
				GCC_PREFIX_HEADER = "InternationalizationSample/InternationalizationSample-Prefix.pch";
				INFOPLIST_FILE = "InternationalizationSample/InternationalizationSample-Info.plist";
				LIBRARY_SEARCH_PATHS = "$(inherited)";
				PRODUCT_BUNDLE_IDENTIFIER = "com.foresee.${PRODUCT_NAME:rfc1034identifier}";
				PRODUCT_NAME = "$(TARGET_NAME)";
				WRAPPER_EXTENSION = app;
			};
			name = Debug;
		};
		D51310EC150541F200619182 /* Release */ = {
			isa = XCBuildConfiguration;
			baseConfigurationReference = 8C9616078280B3DC9C7B21CF /* Pods-InternationalizationSample.release.xcconfig */;
			buildSettings = {
				CLANG_ENABLE_OBJC_WEAK = YES;
				FRAMEWORK_SEARCH_PATHS = (
					"$(inherited)",
					"$(PROJECT_DIR)/InternationalizationSample",
				);
				GCC_PRECOMPILE_PREFIX_HEADER = YES;
				GCC_PREFIX_HEADER = "InternationalizationSample/InternationalizationSample-Prefix.pch";
				INFOPLIST_FILE = "InternationalizationSample/InternationalizationSample-Info.plist";
				LIBRARY_SEARCH_PATHS = "$(inherited)";
				PRODUCT_BUNDLE_IDENTIFIER = "com.foresee.${PRODUCT_NAME:rfc1034identifier}";
				PRODUCT_NAME = "$(TARGET_NAME)";
				WRAPPER_EXTENSION = app;
			};
			name = Release;
		};
/* End XCBuildConfiguration section */

/* Begin XCConfigurationList section */
		D51310C6150541F200619182 /* Build configuration list for PBXProject "InternationalizationSample" */ = {
			isa = XCConfigurationList;
			buildConfigurations = (
				D51310E8150541F200619182 /* Debug */,
				D51310E9150541F200619182 /* Release */,
			);
			defaultConfigurationIsVisible = 0;
			defaultConfigurationName = Release;
		};
		D51310EA150541F200619182 /* Build configuration list for PBXNativeTarget "InternationalizationSample" */ = {
			isa = XCConfigurationList;
			buildConfigurations = (
				D51310EB150541F200619182 /* Debug */,
				D51310EC150541F200619182 /* Release */,
			);
			defaultConfigurationIsVisible = 0;
			defaultConfigurationName = Release;
		};
/* End XCConfigurationList section */
	};
	rootObject = D51310C3150541F200619182 /* Project object */;
}
