{
  "originHash" : "e1e61a8678699f6dad3c86c01f169d79210db0f7a3851372c4b4d02540745091",
  "pins" : [
    {
      "identity" : "verintxm-sp",
      "kind" : "remoteSourceControl",
      "location" : "https://github.com/foreseecode/VerintXM-SP/",
      "state" : {
        "revision" : "07eef1a627f881c0ce09977bc46f3cddc00e1913",
        "version" : "8.0.0"
      }
    }
  ],
  "version" : 3
}
