PODS:
  - ForeSee (6.0.3):
    - ForeSee/ForeSeeCxMeasure (= 6.0.3)
  - ForeSee/Core (6.0.3)
  - ForeSee/ForeSeeCxMeasure (6.0.3):
    - ForeSee/Core

DEPENDENCIES:
  - ForeSee (= 6.0.3)

SPEC REPOS:
  trunk:
    - ForeSee

SPEC CHECKSUMS:
  ForeSee: 0cd87647d4341f2497c075cbb40f19869fa5daa8

PODFILE CHECKSUM: 74ec20dfa0bce2dda46d505ebffe223085aa2b63

COCOAPODS: 1.10.1
